
Microsoft Visual Studio Solution File, Format Version 12.00
Project("{FAE04EC0-301F-11D3-BF4B-00C04F79EFBC}") = "NetQuestions.Entity", "src\NetQuestions.Entity\NetQuestions.Entity.csproj", "{DE6F5493-BB81-49B4-88A8-3925E7E21A88}"
EndProject
Project("{2150E333-8FDC-42A3-9474-1A3956D46DE8}") = "src", "src", "{EBE01DE3-5F72-4092-A96C-2F326A6DE681}"
EndProject
Global
	GlobalSection(SolutionConfigurationPlatforms) = preSolution
		Debug|Any CPU = Debug|Any CPU
		Release|Any CPU = Release|Any CPU
	EndGlobalSection
	GlobalSection(ProjectConfigurationPlatforms) = postSolution
		{DE6F5493-BB81-49B4-88A8-3925E7E21A88}.Debug|Any CPU.ActiveCfg = Debug|Any CPU
		{DE6F5493-BB81-49B4-88A8-3925E7E21A88}.Debug|Any CPU.Build.0 = Debug|Any CPU
		{DE6F5493-BB81-49B4-88A8-3925E7E21A88}.Release|Any CPU.ActiveCfg = Release|Any CPU
		{DE6F5493-BB81-49B4-88A8-3925E7E21A88}.Release|Any CPU.Build.0 = Release|Any CPU
	EndGlobalSection
	GlobalSection(NestedProjects) = preSolution
		{DE6F5493-BB81-49B4-88A8-3925E7E21A88} = {EBE01DE3-5F72-4092-A96C-2F326A6DE681}
	EndGlobalSection
EndGlobal
