
Microsoft Visual Studio Solution File, Format Version 12.00
Project("{FAE04EC0-301F-11D3-BF4B-00C04F79EFBC}") = "NetQuestions.Entity", "src\NetQuestions.Entity\NetQuestions.Entity.csproj", "{DE6F5493-BB81-49B4-88A8-3925E7E21A88}"
EndProject
Project("{2150E333-8FDC-42A3-9474-1A3956D46DE8}") = "src", "src", "{EBE01DE3-5F72-4092-A96C-2F326A6DE681}"
EndProject
Project("{FAE04EC0-301F-11D3-BF4B-00C04F79EFBC}") = "NetQuestions.Web", "src\NetQuestions.Web\NetQuestions.Web.csproj", "{41EE4DBD-692B-4091-B345-C029EE6973C3}"
EndProject
Project("{FAE04EC0-301F-11D3-BF4B-00C04F79EFBC}") = "NetQuestions.Presenters", "src\NetQuestions.Presenters\NetQuestions.Presenters.csproj", "{FCAD25A3-FEBA-4BB7-B067-FD7B2B929E4D}"
EndProject
Project("{2150E333-8FDC-42A3-9474-1A3956D46DE8}") = "Solution Items", "Solution Items", "{B3EB11EE-4124-4A50-859F-80B8C358E8F1}"
	ProjectSection(SolutionItems) = preProject
		Directory.Build.props = Directory.Build.props
		.editorconfig = .editorconfig
	EndProjectSection
EndProject
Project("{FAE04EC0-301F-11D3-BF4B-00C04F79EFBC}") = "NetQuestion.Contracts", "src\NetQuestion.Contracts\NetQuestion.Contracts.csproj", "{1A052CA3-A007-4361-AFC4-19D770247795}"
EndProject
Global
	GlobalSection(SolutionConfigurationPlatforms) = preSolution
		Debug|Any CPU = Debug|Any CPU
		Release|Any CPU = Release|Any CPU
	EndGlobalSection
	GlobalSection(ProjectConfigurationPlatforms) = postSolution
		{DE6F5493-BB81-49B4-88A8-3925E7E21A88}.Debug|Any CPU.ActiveCfg = Debug|Any CPU
		{DE6F5493-BB81-49B4-88A8-3925E7E21A88}.Debug|Any CPU.Build.0 = Debug|Any CPU
		{DE6F5493-BB81-49B4-88A8-3925E7E21A88}.Release|Any CPU.ActiveCfg = Release|Any CPU
		{DE6F5493-BB81-49B4-88A8-3925E7E21A88}.Release|Any CPU.Build.0 = Release|Any CPU
		{41EE4DBD-692B-4091-B345-C029EE6973C3}.Debug|Any CPU.ActiveCfg = Debug|Any CPU
		{41EE4DBD-692B-4091-B345-C029EE6973C3}.Debug|Any CPU.Build.0 = Debug|Any CPU
		{41EE4DBD-692B-4091-B345-C029EE6973C3}.Release|Any CPU.ActiveCfg = Release|Any CPU
		{41EE4DBD-692B-4091-B345-C029EE6973C3}.Release|Any CPU.Build.0 = Release|Any CPU
		{FCAD25A3-FEBA-4BB7-B067-FD7B2B929E4D}.Debug|Any CPU.ActiveCfg = Debug|Any CPU
		{FCAD25A3-FEBA-4BB7-B067-FD7B2B929E4D}.Debug|Any CPU.Build.0 = Debug|Any CPU
		{FCAD25A3-FEBA-4BB7-B067-FD7B2B929E4D}.Release|Any CPU.ActiveCfg = Release|Any CPU
		{FCAD25A3-FEBA-4BB7-B067-FD7B2B929E4D}.Release|Any CPU.Build.0 = Release|Any CPU
		{1A052CA3-A007-4361-AFC4-19D770247795}.Debug|Any CPU.ActiveCfg = Debug|Any CPU
		{1A052CA3-A007-4361-AFC4-19D770247795}.Debug|Any CPU.Build.0 = Debug|Any CPU
		{1A052CA3-A007-4361-AFC4-19D770247795}.Release|Any CPU.ActiveCfg = Release|Any CPU
		{1A052CA3-A007-4361-AFC4-19D770247795}.Release|Any CPU.Build.0 = Release|Any CPU
	EndGlobalSection
	GlobalSection(NestedProjects) = preSolution
		{DE6F5493-BB81-49B4-88A8-3925E7E21A88} = {EBE01DE3-5F72-4092-A96C-2F326A6DE681}
		{41EE4DBD-692B-4091-B345-C029EE6973C3} = {EBE01DE3-5F72-4092-A96C-2F326A6DE681}
		{FCAD25A3-FEBA-4BB7-B067-FD7B2B929E4D} = {EBE01DE3-5F72-4092-A96C-2F326A6DE681}
		{1A052CA3-A007-4361-AFC4-19D770247795} = {EBE01DE3-5F72-4092-A96C-2F326A6DE681}
	EndGlobalSection
EndGlobal
